// !$*UTF8*$!
{
	archiveVersion = 1;
	classes = {
	};
	objectVersion = 46;
	objects = {

/* Begin PBXBuildFile section */
		5515B5881B319BDE007AEE71 /* Bolts.framework in Frameworks */ = {isa = PBXBuildFile; fileRef = 5515B5871B319BDE007AEE71 /* Bolts.framework */; };
		5515B5961B33F0FB007AEE71 /* Location.swift in Sources */ = {isa = PBXBuildFile; fileRef = 5515B5951B33F0FB007AEE71 /* Location.swift */; };
		5515B5981B33F1C2007AEE71 /* Locations.swift in Sources */ = {isa = PBXBuildFile; fileRef = 5515B5971B33F1C2007AEE71 /* Locations.swift */; };
		5515B5A11B346AD3007AEE71 /* LocationCell.swift in Sources */ = {isa = PBXBuildFile; fileRef = 5515B59F1B346AD3007AEE71 /* LocationCell.swift */; };
		5515B5A21B346AD3007AEE71 /* LocationCell.xib in Resources */ = {isa = PBXBuildFile; fileRef = 5515B5A01B346AD3007AEE71 /* LocationCell.xib */; };
		551913EA1B2F4D43005FA4B2 /* AudioToolbox.framework in Frameworks */ = {isa = PBXBuildFile; fileRef = 551913DF1B2F4D43005FA4B2 /* AudioToolbox.framework */; };
		551913EB1B2F4D43005FA4B2 /* CFNetwork.framework in Frameworks */ = {isa = PBXBuildFile; fileRef = 551913E01B2F4D43005FA4B2 /* CFNetwork.framework */; };
		551913EC1B2F4D43005FA4B2 /* CoreGraphics.framework in Frameworks */ = {isa = PBXBuildFile; fileRef = 551913E11B2F4D43005FA4B2 /* CoreGraphics.framework */; };
		551913ED1B2F4D43005FA4B2 /* CoreLocation.framework in Frameworks */ = {isa = PBXBuildFile; fileRef = 551913E21B2F4D43005FA4B2 /* CoreLocation.framework */; };
		551913EE1B2F4D43005FA4B2 /* libsqlite3.dylib in Frameworks */ = {isa = PBXBuildFile; fileRef = 551913E31B2F4D43005FA4B2 /* libsqlite3.dylib */; };
		551913EF1B2F4D43005FA4B2 /* libz.dylib in Frameworks */ = {isa = PBXBuildFile; fileRef = 551913E41B2F4D43005FA4B2 /* libz.dylib */; };
		551913F01B2F4D43005FA4B2 /* MobileCoreServices.framework in Frameworks */ = {isa = PBXBuildFile; fileRef = 551913E51B2F4D43005FA4B2 /* MobileCoreServices.framework */; };
		551913F11B2F4D43005FA4B2 /* QuartzCore.framework in Frameworks */ = {isa = PBXBuildFile; fileRef = 551913E61B2F4D43005FA4B2 /* QuartzCore.framework */; };
		551913F21B2F4D43005FA4B2 /* Security.framework in Frameworks */ = {isa = PBXBuildFile; fileRef = 551913E71B2F4D43005FA4B2 /* Security.framework */; };
		551913F31B2F4D43005FA4B2 /* StoreKit.framework in Frameworks */ = {isa = PBXBuildFile; fileRef = 551913E81B2F4D43005FA4B2 /* StoreKit.framework */; };
		551913F41B2F4D43005FA4B2 /* SystemConfiguration.framework in Frameworks */ = {isa = PBXBuildFile; fileRef = 551913E91B2F4D43005FA4B2 /* SystemConfiguration.framework */; };
		551913F71B2F50BD005FA4B2 /* CoreData.framework in Frameworks */ = {isa = PBXBuildFile; fileRef = 551913F61B2F50BD005FA4B2 /* CoreData.framework */; };
		552A48D11B30A534004041EC /* Accounts.framework in Frameworks */ = {isa = PBXBuildFile; fileRef = 552A48CF1B30A4D1004041EC /* Accounts.framework */; };
		552A48D21B30A53E004041EC /* Social.framework in Frameworks */ = {isa = PBXBuildFile; fileRef = 552A48CD1B30A4C9004041EC /* Social.framework */; };
		552A48D41B30A554004041EC /* GoogleMaps.framework in Frameworks */ = {isa = PBXBuildFile; fileRef = 552A48D31B30A554004041EC /* GoogleMaps.framework */; };
		552A48D61B30A599004041EC /* libstdc++.6.dylib in Frameworks */ = {isa = PBXBuildFile; fileRef = 552A48D51B30A599004041EC /* libstdc++.6.dylib */; };
		55B488E81B309DE200FFD707 /* Podfile in Resources */ = {isa = PBXBuildFile; fileRef = 55B488E71B309DE200FFD707 /* Podfile */; };
		55E2981B1B2F306E00FAAB41 /* AppDelegate.swift in Sources */ = {isa = PBXBuildFile; fileRef = 55E2981A1B2F306E00FAAB41 /* AppDelegate.swift */; };
		55E2981D1B2F306E00FAAB41 /* MapViewController.swift in Sources */ = {isa = PBXBuildFile; fileRef = 55E2981C1B2F306E00FAAB41 /* MapViewController.swift */; };
		55E2981F1B2F306E00FAAB41 /* ListViewController.swift in Sources */ = {isa = PBXBuildFile; fileRef = 55E2981E1B2F306E00FAAB41 /* ListViewController.swift */; };
		55E298221B2F306E00FAAB41 /* Main.storyboard in Resources */ = {isa = PBXBuildFile; fileRef = 55E298201B2F306E00FAAB41 /* Main.storyboard */; };
		55E298271B2F306E00FAAB41 /* LaunchScreen.xib in Resources */ = {isa = PBXBuildFile; fileRef = 55E298251B2F306E00FAAB41 /* LaunchScreen.xib */; };
		55E298331B2F306E00FAAB41 /* GiftkoederTests.swift in Sources */ = {isa = PBXBuildFile; fileRef = 55E298321B2F306E00FAAB41 /* GiftkoederTests.swift */; };
		55E2983F1B2F33B300FAAB41 /* EntryViewController.swift in Sources */ = {isa = PBXBuildFile; fileRef = 55E2983E1B2F33B300FAAB41 /* EntryViewController.swift */; };
		55E298411B2F38BE00FAAB41 /* SettingsViewController.swift in Sources */ = {isa = PBXBuildFile; fileRef = 55E298401B2F38BE00FAAB41 /* SettingsViewController.swift */; };
		55E298431B2F3A9500FAAB41 /* Images.xcassets in Resources */ = {isa = PBXBuildFile; fileRef = 55E298421B2F3A9500FAAB41 /* Images.xcassets */; };
		55EDC6951B30A2CF0023F8C1 /* libc++.dylib in Frameworks */ = {isa = PBXBuildFile; fileRef = 55EDC6941B30A2CF0023F8C1 /* libc++.dylib */; };
		8477578F1B319ECE00F235A8 /* Parse.framework in Frameworks */ = {isa = PBXBuildFile; fileRef = 551913DD1B2F4C97005FA4B2 /* Parse.framework */; };
/* End PBXBuildFile section */

/* Begin PBXContainerItemProxy section */
		55E2982D1B2F306E00FAAB41 /* PBXContainerItemProxy */ = {
			isa = PBXContainerItemProxy;
			containerPortal = 55E2980D1B2F306E00FAAB41 /* Project object */;
			proxyType = 1;
			remoteGlobalIDString = 55E298141B2F306E00FAAB41;
			remoteInfo = Giftkoeder;
		};
/* End PBXContainerItemProxy section */

/* Begin PBXFileReference section */
		5515B5871B319BDE007AEE71 /* Bolts.framework */ = {isa = PBXFileReference; lastKnownFileType = wrapper.framework; path = Bolts.framework; sourceTree = "<group>"; };
		5515B5951B33F0FB007AEE71 /* Location.swift */ = {isa = PBXFileReference; fileEncoding = 4; lastKnownFileType = sourcecode.swift; path = Location.swift; sourceTree = "<group>"; };
		5515B5971B33F1C2007AEE71 /* Locations.swift */ = {isa = PBXFileReference; fileEncoding = 4; lastKnownFileType = sourcecode.swift; path = Locations.swift; sourceTree = "<group>"; };
		5515B59F1B346AD3007AEE71 /* LocationCell.swift */ = {isa = PBXFileReference; fileEncoding = 4; lastKnownFileType = sourcecode.swift; path = LocationCell.swift; sourceTree = "<group>"; };
		5515B5A01B346AD3007AEE71 /* LocationCell.xib */ = {isa = PBXFileReference; fileEncoding = 4; lastKnownFileType = file.xib; path = LocationCell.xib; sourceTree = "<group>"; };
		551913DD1B2F4C97005FA4B2 /* Parse.framework */ = {isa = PBXFileReference; lastKnownFileType = wrapper.framework; path = Parse.framework; sourceTree = "<group>"; };
		551913DF1B2F4D43005FA4B2 /* AudioToolbox.framework */ = {isa = PBXFileReference; lastKnownFileType = wrapper.framework; name = AudioToolbox.framework; path = System/Library/Frameworks/AudioToolbox.framework; sourceTree = SDKROOT; };
		551913E01B2F4D43005FA4B2 /* CFNetwork.framework */ = {isa = PBXFileReference; lastKnownFileType = wrapper.framework; name = CFNetwork.framework; path = System/Library/Frameworks/CFNetwork.framework; sourceTree = SDKROOT; };
		551913E11B2F4D43005FA4B2 /* CoreGraphics.framework */ = {isa = PBXFileReference; lastKnownFileType = wrapper.framework; name = CoreGraphics.framework; path = System/Library/Frameworks/CoreGraphics.framework; sourceTree = SDKROOT; };
		551913E21B2F4D43005FA4B2 /* CoreLocation.framework */ = {isa = PBXFileReference; lastKnownFileType = wrapper.framework; name = CoreLocation.framework; path = System/Library/Frameworks/CoreLocation.framework; sourceTree = SDKROOT; };
		551913E31B2F4D43005FA4B2 /* libsqlite3.dylib */ = {isa = PBXFileReference; lastKnownFileType = "compiled.mach-o.dylib"; name = libsqlite3.dylib; path = usr/lib/libsqlite3.dylib; sourceTree = SDKROOT; };
		551913E41B2F4D43005FA4B2 /* libz.dylib */ = {isa = PBXFileReference; lastKnownFileType = "compiled.mach-o.dylib"; name = libz.dylib; path = usr/lib/libz.dylib; sourceTree = SDKROOT; };
		551913E51B2F4D43005FA4B2 /* MobileCoreServices.framework */ = {isa = PBXFileReference; lastKnownFileType = wrapper.framework; name = MobileCoreServices.framework; path = System/Library/Frameworks/MobileCoreServices.framework; sourceTree = SDKROOT; };
		551913E61B2F4D43005FA4B2 /* QuartzCore.framework */ = {isa = PBXFileReference; lastKnownFileType = wrapper.framework; name = QuartzCore.framework; path = System/Library/Frameworks/QuartzCore.framework; sourceTree = SDKROOT; };
		551913E71B2F4D43005FA4B2 /* Security.framework */ = {isa = PBXFileReference; lastKnownFileType = wrapper.framework; name = Security.framework; path = System/Library/Frameworks/Security.framework; sourceTree = SDKROOT; };
		551913E81B2F4D43005FA4B2 /* StoreKit.framework */ = {isa = PBXFileReference; lastKnownFileType = wrapper.framework; name = StoreKit.framework; path = System/Library/Frameworks/StoreKit.framework; sourceTree = SDKROOT; };
		551913E91B2F4D43005FA4B2 /* SystemConfiguration.framework */ = {isa = PBXFileReference; lastKnownFileType = wrapper.framework; name = SystemConfiguration.framework; path = System/Library/Frameworks/SystemConfiguration.framework; sourceTree = SDKROOT; };
		551913F61B2F50BD005FA4B2 /* CoreData.framework */ = {isa = PBXFileReference; lastKnownFileType = wrapper.framework; name = CoreData.framework; path = System/Library/Frameworks/CoreData.framework; sourceTree = SDKROOT; };
		551913F81B2F5118005FA4B2 /* Parse.framework */ = {isa = PBXFileReference; lastKnownFileType = wrapper.framework; name = Parse.framework; path = "../../../../../Downloads/parse-library-1.7.4/Parse.framework"; sourceTree = "<group>"; };
		551913FA1B2F516F005FA4B2 /* Bolts.framework */ = {isa = PBXFileReference; lastKnownFileType = wrapper.framework; name = Bolts.framework; path = "../../../../../Downloads/parse-library-1.7.4/Bolts.framework"; sourceTree = "<group>"; };
		551913FB1B2F516F005FA4B2 /* ParseCrashReporting.framework */ = {isa = PBXFileReference; lastKnownFileType = wrapper.framework; name = ParseCrashReporting.framework; path = "../../../../../Downloads/parse-library-1.7.4/ParseCrashReporting.framework"; sourceTree = "<group>"; };
		551913FC1B2F516F005FA4B2 /* ParseUI.framework */ = {isa = PBXFileReference; lastKnownFileType = wrapper.framework; name = ParseUI.framework; path = "../../../../../Downloads/parse-library-1.7.4/ParseUI.framework"; sourceTree = "<group>"; };
		551913FD1B2F516F005FA4B2 /* ParseFacebookUtilsV4.framework */ = {isa = PBXFileReference; lastKnownFileType = wrapper.framework; name = ParseFacebookUtilsV4.framework; path = "../../../../../Downloads/parse-library-1.7.4/ParseFacebookUtilsV4.framework"; sourceTree = "<group>"; };
		551913FE1B2F516F005FA4B2 /* ParseFacebookUtils.framework */ = {isa = PBXFileReference; lastKnownFileType = wrapper.framework; name = ParseFacebookUtils.framework; path = "../../../../../Downloads/parse-library-1.7.4/ParseFacebookUtils.framework"; sourceTree = "<group>"; };
		552A48CD1B30A4C9004041EC /* Social.framework */ = {isa = PBXFileReference; lastKnownFileType = wrapper.framework; name = Social.framework; path = System/Library/Frameworks/Social.framework; sourceTree = SDKROOT; };
		552A48CF1B30A4D1004041EC /* Accounts.framework */ = {isa = PBXFileReference; lastKnownFileType = wrapper.framework; name = Accounts.framework; path = System/Library/Frameworks/Accounts.framework; sourceTree = SDKROOT; };
		552A48D31B30A554004041EC /* GoogleMaps.framework */ = {isa = PBXFileReference; lastKnownFileType = wrapper.framework; name = GoogleMaps.framework; path = Pods/GoogleMaps/Frameworks/GoogleMaps.framework; sourceTree = "<group>"; };
		552A48D51B30A599004041EC /* libstdc++.6.dylib */ = {isa = PBXFileReference; lastKnownFileType = "compiled.mach-o.dylib"; name = "libstdc++.6.dylib"; path = "usr/lib/libstdc++.6.dylib"; sourceTree = SDKROOT; };
		55B488E71B309DE200FFD707 /* Podfile */ = {isa = PBXFileReference; fileEncoding = 4; lastKnownFileType = text; path = Podfile; sourceTree = "<group>"; };
		55E298151B2F306E00FAAB41 /* Giftkoeder.app */ = {isa = PBXFileReference; explicitFileType = wrapper.application; includeInIndex = 0; path = Giftkoeder.app; sourceTree = BUILT_PRODUCTS_DIR; };
		55E298191B2F306E00FAAB41 /* Info.plist */ = {isa = PBXFileReference; lastKnownFileType = text.plist.xml; path = Info.plist; sourceTree = "<group>"; };
		55E2981A1B2F306E00FAAB41 /* AppDelegate.swift */ = {isa = PBXFileReference; lastKnownFileType = sourcecode.swift; path = AppDelegate.swift; sourceTree = "<group>"; };
		55E2981C1B2F306E00FAAB41 /* MapViewController.swift */ = {isa = PBXFileReference; lastKnownFileType = sourcecode.swift; path = MapViewController.swift; sourceTree = "<group>"; };
		55E2981E1B2F306E00FAAB41 /* ListViewController.swift */ = {isa = PBXFileReference; lastKnownFileType = sourcecode.swift; path = ListViewController.swift; sourceTree = "<group>"; };
		55E298211B2F306E00FAAB41 /* Base */ = {isa = PBXFileReference; lastKnownFileType = file.storyboard; name = Base; path = Base.lproj/Main.storyboard; sourceTree = "<group>"; };
		55E298261B2F306E00FAAB41 /* Base */ = {isa = PBXFileReference; lastKnownFileType = file.xib; name = Base; path = Base.lproj/LaunchScreen.xib; sourceTree = "<group>"; };
		55E2982C1B2F306E00FAAB41 /* GiftkoederTests.xctest */ = {isa = PBXFileReference; explicitFileType = wrapper.cfbundle; includeInIndex = 0; path = GiftkoederTests.xctest; sourceTree = BUILT_PRODUCTS_DIR; };
		55E298311B2F306E00FAAB41 /* Info.plist */ = {isa = PBXFileReference; lastKnownFileType = text.plist.xml; path = Info.plist; sourceTree = "<group>"; };
		55E298321B2F306E00FAAB41 /* GiftkoederTests.swift */ = {isa = PBXFileReference; lastKnownFileType = sourcecode.swift; path = GiftkoederTests.swift; sourceTree = "<group>"; };
		55E2983E1B2F33B300FAAB41 /* EntryViewController.swift */ = {isa = PBXFileReference; fileEncoding = 4; lastKnownFileType = sourcecode.swift; path = EntryViewController.swift; sourceTree = "<group>"; };
		55E298401B2F38BE00FAAB41 /* SettingsViewController.swift */ = {isa = PBXFileReference; fileEncoding = 4; lastKnownFileType = sourcecode.swift; path = SettingsViewController.swift; sourceTree = "<group>"; };
		55E298421B2F3A9500FAAB41 /* Images.xcassets */ = {isa = PBXFileReference; lastKnownFileType = folder.assetcatalog; path = Images.xcassets; sourceTree = "<group>"; };
		55EDC6941B30A2CF0023F8C1 /* libc++.dylib */ = {isa = PBXFileReference; lastKnownFileType = "compiled.mach-o.dylib"; name = "libc++.dylib"; path = "usr/lib/libc++.dylib"; sourceTree = SDKROOT; };
		5C1C28A2ACFCFBEE8CFB8309 /* Pods.debug.xcconfig */ = {isa = PBXFileReference; includeInIndex = 1; lastKnownFileType = text.xcconfig; name = Pods.debug.xcconfig; path = "Pods/Target Support Files/Pods/Pods.debug.xcconfig"; sourceTree = "<group>"; };
		C56EB3224F5C3011111480FD /* Pods.release.xcconfig */ = {isa = PBXFileReference; includeInIndex = 1; lastKnownFileType = text.xcconfig; name = Pods.release.xcconfig; path = "Pods/Target Support Files/Pods/Pods.release.xcconfig"; sourceTree = "<group>"; };
		EABBB8000FEB072CFB7ED733 /* libPods.a */ = {isa = PBXFileReference; explicitFileType = archive.ar; includeInIndex = 0; path = libPods.a; sourceTree = BUILT_PRODUCTS_DIR; };
/* End PBXFileReference section */

/* Begin PBXFrameworksBuildPhase section */
		55E298121B2F306E00FAAB41 /* Frameworks */ = {
			isa = PBXFrameworksBuildPhase;
			buildActionMask = 2147483647;
			files = (
				5515B5881B319BDE007AEE71 /* Bolts.framework in Frameworks */,
				552A48D61B30A599004041EC /* libstdc++.6.dylib in Frameworks */,
				552A48D41B30A554004041EC /* GoogleMaps.framework in Frameworks */,
				552A48D21B30A53E004041EC /* Social.framework in Frameworks */,
				552A48D11B30A534004041EC /* Accounts.framework in Frameworks */,
				55EDC6951B30A2CF0023F8C1 /* libc++.dylib in Frameworks */,
				551913F71B2F50BD005FA4B2 /* CoreData.framework in Frameworks */,
				551913EA1B2F4D43005FA4B2 /* AudioToolbox.framework in Frameworks */,
				8477578F1B319ECE00F235A8 /* Parse.framework in Frameworks */,
				551913EB1B2F4D43005FA4B2 /* CFNetwork.framework in Frameworks */,
				551913EC1B2F4D43005FA4B2 /* CoreGraphics.framework in Frameworks */,
				551913ED1B2F4D43005FA4B2 /* CoreLocation.framework in Frameworks */,
				551913EE1B2F4D43005FA4B2 /* libsqlite3.dylib in Frameworks */,
				551913EF1B2F4D43005FA4B2 /* libz.dylib in Frameworks */,
				551913F01B2F4D43005FA4B2 /* MobileCoreServices.framework in Frameworks */,
				551913F11B2F4D43005FA4B2 /* QuartzCore.framework in Frameworks */,
				551913F21B2F4D43005FA4B2 /* Security.framework in Frameworks */,
				551913F31B2F4D43005FA4B2 /* StoreKit.framework in Frameworks */,
				551913F41B2F4D43005FA4B2 /* SystemConfiguration.framework in Frameworks */,
			);
			runOnlyForDeploymentPostprocessing = 0;
		};
		55E298291B2F306E00FAAB41 /* Frameworks */ = {
			isa = PBXFrameworksBuildPhase;
			buildActionMask = 2147483647;
			files = (
			);
			runOnlyForDeploymentPostprocessing = 0;
		};
/* End PBXFrameworksBuildPhase section */

/* Begin PBXGroup section */
		2C84C3189C9667944B88A8AE /* Pods */ = {
			isa = PBXGroup;
			children = (
				5C1C28A2ACFCFBEE8CFB8309 /* Pods.debug.xcconfig */,
				C56EB3224F5C3011111480FD /* Pods.release.xcconfig */,
			);
			name = Pods;
			sourceTree = "<group>";
		};
		551913F51B2F4D75005FA4B2 /* Frameworks */ = {
			isa = PBXGroup;
			children = (
				5515B5871B319BDE007AEE71 /* Bolts.framework */,
				552A48D51B30A599004041EC /* libstdc++.6.dylib */,
				552A48D31B30A554004041EC /* GoogleMaps.framework */,
				552A48CF1B30A4D1004041EC /* Accounts.framework */,
				552A48CD1B30A4C9004041EC /* Social.framework */,
				55EDC6941B30A2CF0023F8C1 /* libc++.dylib */,
				551913FA1B2F516F005FA4B2 /* Bolts.framework */,
				551913FB1B2F516F005FA4B2 /* ParseCrashReporting.framework */,
				551913FC1B2F516F005FA4B2 /* ParseUI.framework */,
				551913FD1B2F516F005FA4B2 /* ParseFacebookUtilsV4.framework */,
				551913FE1B2F516F005FA4B2 /* ParseFacebookUtils.framework */,
				551913F81B2F5118005FA4B2 /* Parse.framework */,
				551913F61B2F50BD005FA4B2 /* CoreData.framework */,
				551913DF1B2F4D43005FA4B2 /* AudioToolbox.framework */,
				551913E01B2F4D43005FA4B2 /* CFNetwork.framework */,
				551913E11B2F4D43005FA4B2 /* CoreGraphics.framework */,
				551913E21B2F4D43005FA4B2 /* CoreLocation.framework */,
				551913E31B2F4D43005FA4B2 /* libsqlite3.dylib */,
				551913E41B2F4D43005FA4B2 /* libz.dylib */,
				551913E51B2F4D43005FA4B2 /* MobileCoreServices.framework */,
				551913E61B2F4D43005FA4B2 /* QuartzCore.framework */,
				551913E71B2F4D43005FA4B2 /* Security.framework */,
				551913E81B2F4D43005FA4B2 /* StoreKit.framework */,
				551913E91B2F4D43005FA4B2 /* SystemConfiguration.framework */,
				551913DD1B2F4C97005FA4B2 /* Parse.framework */,
				EABBB8000FEB072CFB7ED733 /* libPods.a */,
			);
			name = Frameworks;
			sourceTree = "<group>";
		};
		55E2980C1B2F306E00FAAB41 = {
			isa = PBXGroup;
			children = (
				55B488E71B309DE200FFD707 /* Podfile */,
				551913F51B2F4D75005FA4B2 /* Frameworks */,
				55E298171B2F306E00FAAB41 /* Giftkoeder */,
				55E2982F1B2F306E00FAAB41 /* GiftkoederTests */,
				55E298161B2F306E00FAAB41 /* Products */,
				2C84C3189C9667944B88A8AE /* Pods */,
			);
			sourceTree = "<group>";
		};
		55E298161B2F306E00FAAB41 /* Products */ = {
			isa = PBXGroup;
			children = (
				55E298151B2F306E00FAAB41 /* Giftkoeder.app */,
				55E2982C1B2F306E00FAAB41 /* GiftkoederTests.xctest */,
			);
			name = Products;
			sourceTree = "<group>";
		};
		55E298171B2F306E00FAAB41 /* Giftkoeder */ = {
			isa = PBXGroup;
			children = (
				55E2981A1B2F306E00FAAB41 /* AppDelegate.swift */,
				55E2981C1B2F306E00FAAB41 /* MapViewController.swift */,
				55E2983E1B2F33B300FAAB41 /* EntryViewController.swift */,
				55E2981E1B2F306E00FAAB41 /* ListViewController.swift */,
				55E298401B2F38BE00FAAB41 /* SettingsViewController.swift */,
				55E298421B2F3A9500FAAB41 /* Images.xcassets */,
				55E298201B2F306E00FAAB41 /* Main.storyboard */,
				55E298251B2F306E00FAAB41 /* LaunchScreen.xib */,
				55E298181B2F306E00FAAB41 /* Supporting Files */,
				5515B5951B33F0FB007AEE71 /* Location.swift */,
				5515B5971B33F1C2007AEE71 /* Locations.swift */,
				5515B59F1B346AD3007AEE71 /* LocationCell.swift */,
				5515B5A01B346AD3007AEE71 /* LocationCell.xib */,
			);
			path = Giftkoeder;
			sourceTree = "<group>";
		};
		55E298181B2F306E00FAAB41 /* Supporting Files */ = {
			isa = PBXGroup;
			children = (
				55E298191B2F306E00FAAB41 /* Info.plist */,
			);
			name = "Supporting Files";
			sourceTree = "<group>";
		};
		55E2982F1B2F306E00FAAB41 /* GiftkoederTests */ = {
			isa = PBXGroup;
			children = (
				55E298321B2F306E00FAAB41 /* GiftkoederTests.swift */,
				55E298301B2F306E00FAAB41 /* Supporting Files */,
			);
			path = GiftkoederTests;
			sourceTree = "<group>";
		};
		55E298301B2F306E00FAAB41 /* Supporting Files */ = {
			isa = PBXGroup;
			children = (
				55E298311B2F306E00FAAB41 /* Info.plist */,
			);
			name = "Supporting Files";
			sourceTree = "<group>";
		};
/* End PBXGroup section */

/* Begin PBXNativeTarget section */
		55E298141B2F306E00FAAB41 /* Giftkoeder */ = {
			isa = PBXNativeTarget;
			buildConfigurationList = 55E298361B2F306E00FAAB41 /* Build configuration list for PBXNativeTarget "Giftkoeder" */;
			buildPhases = (
				FC3D228392CC5432CFDE9A7B /* Check Pods Manifest.lock */,
				55E298111B2F306E00FAAB41 /* Sources */,
				55E298121B2F306E00FAAB41 /* Frameworks */,
				55E298131B2F306E00FAAB41 /* Resources */,
				5ED52B79CACF7C103ECEC75E /* Copy Pods Resources */,
			);
			buildRules = (
			);
			dependencies = (
			);
			name = Giftkoeder;
			productName = Giftkoeder;
			productReference = 55E298151B2F306E00FAAB41 /* Giftkoeder.app */;
			productType = "com.apple.product-type.application";
		};
		55E2982B1B2F306E00FAAB41 /* GiftkoederTests */ = {
			isa = PBXNativeTarget;
			buildConfigurationList = 55E298391B2F306E00FAAB41 /* Build configuration list for PBXNativeTarget "GiftkoederTests" */;
			buildPhases = (
				55E298281B2F306E00FAAB41 /* Sources */,
				55E298291B2F306E00FAAB41 /* Frameworks */,
				55E2982A1B2F306E00FAAB41 /* Resources */,
			);
			buildRules = (
			);
			dependencies = (
				55E2982E1B2F306E00FAAB41 /* PBXTargetDependency */,
			);
			name = GiftkoederTests;
			productName = GiftkoederTests;
			productReference = 55E2982C1B2F306E00FAAB41 /* GiftkoederTests.xctest */;
			productType = "com.apple.product-type.bundle.unit-test";
		};
/* End PBXNativeTarget section */

/* Begin PBXProject section */
		55E2980D1B2F306E00FAAB41 /* Project object */ = {
			isa = PBXProject;
			attributes = {
				LastSwiftUpdateCheck = 0700;
				LastUpgradeCheck = 0630;
				ORGANIZATIONNAME = TeamGK;
				TargetAttributes = {
					55E298141B2F306E00FAAB41 = {
						CreatedOnToolsVersion = 6.3.1;
						DevelopmentTeam = D7AC22HAM8;
					};
					55E2982B1B2F306E00FAAB41 = {
						CreatedOnToolsVersion = 6.3.1;
						TestTargetID = 55E298141B2F306E00FAAB41;
					};
				};
			};
			buildConfigurationList = 55E298101B2F306E00FAAB41 /* Build configuration list for PBXProject "Giftkoeder" */;
			compatibilityVersion = "Xcode 3.2";
			developmentRegion = English;
			hasScannedForEncodings = 0;
			knownRegions = (
				en,
				Base,
			);
			mainGroup = 55E2980C1B2F306E00FAAB41;
			productRefGroup = 55E298161B2F306E00FAAB41 /* Products */;
			projectDirPath = "";
			projectRoot = "";
			targets = (
				55E298141B2F306E00FAAB41 /* Giftkoeder */,
				55E2982B1B2F306E00FAAB41 /* GiftkoederTests */,
			);
		};
/* End PBXProject section */

/* Begin PBXResourcesBuildPhase section */
		55E298131B2F306E00FAAB41 /* Resources */ = {
			isa = PBXResourcesBuildPhase;
			buildActionMask = 2147483647;
			files = (
				5515B5A21B346AD3007AEE71 /* LocationCell.xib in Resources */,
				55E298431B2F3A9500FAAB41 /* Images.xcassets in Resources */,
				55E298221B2F306E00FAAB41 /* Main.storyboard in Resources */,
				55B488E81B309DE200FFD707 /* Podfile in Resources */,
				55E298271B2F306E00FAAB41 /* LaunchScreen.xib in Resources */,
			);
			runOnlyForDeploymentPostprocessing = 0;
		};
		55E2982A1B2F306E00FAAB41 /* Resources */ = {
			isa = PBXResourcesBuildPhase;
			buildActionMask = 2147483647;
			files = (
			);
			runOnlyForDeploymentPostprocessing = 0;
		};
/* End PBXResourcesBuildPhase section */

/* Begin PBXShellScriptBuildPhase section */
		5ED52B79CACF7C103ECEC75E /* Copy Pods Resources */ = {
			isa = PBXShellScriptBuildPhase;
			buildActionMask = 2147483647;
			files = (
			);
			inputPaths = (
			);
			name = "Copy Pods Resources";
			outputPaths = (
			);
			runOnlyForDeploymentPostprocessing = 0;
			shellPath = /bin/sh;
			shellScript = "\"${SRCROOT}/Pods/Target Support Files/Pods/Pods-resources.sh\"\n";
			showEnvVarsInLog = 0;
		};
		FC3D228392CC5432CFDE9A7B /* Check Pods Manifest.lock */ = {
			isa = PBXShellScriptBuildPhase;
			buildActionMask = 2147483647;
			files = (
			);
			inputPaths = (
			);
			name = "Check Pods Manifest.lock";
			outputPaths = (
			);
			runOnlyForDeploymentPostprocessing = 0;
			shellPath = /bin/sh;
			shellScript = "diff \"${PODS_ROOT}/../Podfile.lock\" \"${PODS_ROOT}/Manifest.lock\" > /dev/null\nif [[ $? != 0 ]] ; then\n    cat << EOM\nerror: The sandbox is not in sync with the Podfile.lock. Run 'pod install' or update your CocoaPods installation.\nEOM\n    exit 1\nfi\n";
			showEnvVarsInLog = 0;
		};
/* End PBXShellScriptBuildPhase section */

/* Begin PBXSourcesBuildPhase section */
		55E298111B2F306E00FAAB41 /* Sources */ = {
			isa = PBXSourcesBuildPhase;
			buildActionMask = 2147483647;
			files = (
				55E2981F1B2F306E00FAAB41 /* ListViewController.swift in Sources */,
				55E2983F1B2F33B300FAAB41 /* EntryViewController.swift in Sources */,
				55E2981B1B2F306E00FAAB41 /* AppDelegate.swift in Sources */,
				5515B5981B33F1C2007AEE71 /* Locations.swift in Sources */,
				55E298411B2F38BE00FAAB41 /* SettingsViewController.swift in Sources */,
				5515B5961B33F0FB007AEE71 /* Location.swift in Sources */,
				5515B5A11B346AD3007AEE71 /* LocationCell.swift in Sources */,
				55E2981D1B2F306E00FAAB41 /* MapViewController.swift in Sources */,
			);
			runOnlyForDeploymentPostprocessing = 0;
		};
		55E298281B2F306E00FAAB41 /* Sources */ = {
			isa = PBXSourcesBuildPhase;
			buildActionMask = 2147483647;
			files = (
				55E298331B2F306E00FAAB41 /* GiftkoederTests.swift in Sources */,
			);
			runOnlyForDeploymentPostprocessing = 0;
		};
/* End PBXSourcesBuildPhase section */

/* Begin PBXTargetDependency section */
		55E2982E1B2F306E00FAAB41 /* PBXTargetDependency */ = {
			isa = PBXTargetDependency;
			target = 55E298141B2F306E00FAAB41 /* Giftkoeder */;
			targetProxy = 55E2982D1B2F306E00FAAB41 /* PBXContainerItemProxy */;
		};
/* End PBXTargetDependency section */

/* Begin PBXVariantGroup section */
		55E298201B2F306E00FAAB41 /* Main.storyboard */ = {
			isa = PBXVariantGroup;
			children = (
				55E298211B2F306E00FAAB41 /* Base */,
			);
			name = Main.storyboard;
			sourceTree = "<group>";
		};
		55E298251B2F306E00FAAB41 /* LaunchScreen.xib */ = {
			isa = PBXVariantGroup;
			children = (
				55E298261B2F306E00FAAB41 /* Base */,
			);
			name = LaunchScreen.xib;
			sourceTree = "<group>";
		};
/* End PBXVariantGroup section */

/* Begin XCBuildConfiguration section */
		55E298341B2F306E00FAAB41 /* Debug */ = {
			isa = XCBuildConfiguration;
			buildSettings = {
				ALWAYS_SEARCH_USER_PATHS = NO;
				CLANG_CXX_LANGUAGE_STANDARD = "gnu++0x";
				CLANG_CXX_LIBRARY = "libc++";
				CLANG_ENABLE_MODULES = YES;
				CLANG_ENABLE_OBJC_ARC = YES;
				CLANG_WARN_BOOL_CONVERSION = YES;
				CLANG_WARN_CONSTANT_CONVERSION = YES;
				CLANG_WARN_DIRECT_OBJC_ISA_USAGE = YES_ERROR;
				CLANG_WARN_EMPTY_BODY = YES;
				CLANG_WARN_ENUM_CONVERSION = YES;
				CLANG_WARN_INT_CONVERSION = YES;
				CLANG_WARN_OBJC_ROOT_CLASS = YES_ERROR;
				CLANG_WARN_UNREACHABLE_CODE = YES;
				CLANG_WARN__DUPLICATE_METHOD_MATCH = YES;
				"CODE_SIGN_IDENTITY[sdk=iphoneos*]" = "iPhone Developer";
				COPY_PHASE_STRIP = NO;
				DEBUG_INFORMATION_FORMAT = "dwarf-with-dsym";
				ENABLE_STRICT_OBJC_MSGSEND = YES;
				GCC_C_LANGUAGE_STANDARD = gnu99;
				GCC_DYNAMIC_NO_PIC = NO;
				GCC_NO_COMMON_BLOCKS = YES;
				GCC_OPTIMIZATION_LEVEL = 0;
				GCC_PREPROCESSOR_DEFINITIONS = (
					"DEBUG=1",
					"$(inherited)",
				);
				GCC_SYMBOLS_PRIVATE_EXTERN = NO;
				GCC_WARN_64_TO_32_BIT_CONVERSION = YES;
				GCC_WARN_ABOUT_RETURN_TYPE = YES_ERROR;
				GCC_WARN_UNDECLARED_SELECTOR = YES;
				GCC_WARN_UNINITIALIZED_AUTOS = YES_AGGRESSIVE;
				GCC_WARN_UNUSED_FUNCTION = YES;
				GCC_WARN_UNUSED_VARIABLE = YES;
				IPHONEOS_DEPLOYMENT_TARGET = 8.3;
				MTL_ENABLE_DEBUG_INFO = YES;
				ONLY_ACTIVE_ARCH = YES;
				SDKROOT = iphoneos;
				SWIFT_OPTIMIZATION_LEVEL = "-Onone";
				TARGETED_DEVICE_FAMILY = "1,2";
			};
			name = Debug;
		};
		55E298351B2F306E00FAAB41 /* Release */ = {
			isa = XCBuildConfiguration;
			buildSettings = {
				ALWAYS_SEARCH_USER_PATHS = NO;
				CLANG_CXX_LANGUAGE_STANDARD = "gnu++0x";
				CLANG_CXX_LIBRARY = "libc++";
				CLANG_ENABLE_MODULES = YES;
				CLANG_ENABLE_OBJC_ARC = YES;
				CLANG_WARN_BOOL_CONVERSION = YES;
				CLANG_WARN_CONSTANT_CONVERSION = YES;
				CLANG_WARN_DIRECT_OBJC_ISA_USAGE = YES_ERROR;
				CLANG_WARN_EMPTY_BODY = YES;
				CLANG_WARN_ENUM_CONVERSION = YES;
				CLANG_WARN_INT_CONVERSION = YES;
				CLANG_WARN_OBJC_ROOT_CLASS = YES_ERROR;
				CLANG_WARN_UNREACHABLE_CODE = YES;
				CLANG_WARN__DUPLICATE_METHOD_MATCH = YES;
				"CODE_SIGN_IDENTITY[sdk=iphoneos*]" = "iPhone Developer";
				COPY_PHASE_STRIP = NO;
				DEBUG_INFORMATION_FORMAT = "dwarf-with-dsym";
				ENABLE_NS_ASSERTIONS = NO;
				ENABLE_STRICT_OBJC_MSGSEND = YES;
				GCC_C_LANGUAGE_STANDARD = gnu99;
				GCC_NO_COMMON_BLOCKS = YES;
				GCC_WARN_64_TO_32_BIT_CONVERSION = YES;
				GCC_WARN_ABOUT_RETURN_TYPE = YES_ERROR;
				GCC_WARN_UNDECLARED_SELECTOR = YES;
				GCC_WARN_UNINITIALIZED_AUTOS = YES_AGGRESSIVE;
				GCC_WARN_UNUSED_FUNCTION = YES;
				GCC_WARN_UNUSED_VARIABLE = YES;
				IPHONEOS_DEPLOYMENT_TARGET = 8.3;
				MTL_ENABLE_DEBUG_INFO = NO;
				SDKROOT = iphoneos;
				TARGETED_DEVICE_FAMILY = "1,2";
				VALIDATE_PRODUCT = YES;
			};
			name = Release;
		};
		55E298371B2F306E00FAAB41 /* Debug */ = {
			isa = XCBuildConfiguration;
			baseConfigurationReference = 5C1C28A2ACFCFBEE8CFB8309 /* Pods.debug.xcconfig */;
			buildSettings = {
				ASSETCATALOG_COMPILER_APPICON_NAME = AppIcon;
				CODE_SIGN_IDENTITY = "iPhone Developer";
				"CODE_SIGN_IDENTITY[sdk=iphoneos*]" = "iPhone Developer";
				FRAMEWORK_SEARCH_PATHS = (
					"$(inherited)",
					"$(PROJECT_DIR)",
					"/Users/lisafischer/Downloads/parse-library-1.7.4",
					"$(PROJECT_DIR)/Pods/GoogleMaps/Frameworks",
				);
				INFOPLIST_FILE = Giftkoeder/Info.plist;
				LD_RUNPATH_SEARCH_PATHS = "$(inherited) @executable_path/Frameworks";
				ONLY_ACTIVE_ARCH = NO;
				PRODUCT_NAME = "$(TARGET_NAME)";
				PROVISIONING_PROFILE = "";
			};
			name = Debug;
		};
		55E298381B2F306E00FAAB41 /* Release */ = {
			isa = XCBuildConfiguration;
			baseConfigurationReference = C56EB3224F5C3011111480FD /* Pods.release.xcconfig */;
			buildSettings = {
				ASSETCATALOG_COMPILER_APPICON_NAME = AppIcon;
				CODE_SIGN_IDENTITY = "iPhone Developer";
				"CODE_SIGN_IDENTITY[sdk=iphoneos*]" = "iPhone Developer";
				FRAMEWORK_SEARCH_PATHS = (
					"$(inherited)",
					"$(PROJECT_DIR)",
					"/Users/lisafischer/Downloads/parse-library-1.7.4",
					"$(PROJECT_DIR)/Pods/GoogleMaps/Frameworks",
				);
				INFOPLIST_FILE = Giftkoeder/Info.plist;
				LD_RUNPATH_SEARCH_PATHS = "$(inherited) @executable_path/Frameworks";
				PRODUCT_NAME = "$(TARGET_NAME)";
				PROVISIONING_PROFILE = "";
			};
			name = Release;
		};
		55E2983A1B2F306E00FAAB41 /* Debug */ = {
			isa = XCBuildConfiguration;
			buildSettings = {
				BUNDLE_LOADER = "$(TEST_HOST)";
				FRAMEWORK_SEARCH_PATHS = (
					"$(SDKROOT)/Developer/Library/Frameworks",
					"$(inherited)",
				);
				GCC_PREPROCESSOR_DEFINITIONS = (
					"DEBUG=1",
					"$(inherited)",
				);
				INFOPLIST_FILE = GiftkoederTests/Info.plist;
				LD_RUNPATH_SEARCH_PATHS = "$(inherited) @executable_path/Frameworks @loader_path/Frameworks";
				PRODUCT_NAME = "$(TARGET_NAME)";
				TEST_HOST = "$(BUILT_PRODUCTS_DIR)/Giftkoeder.app/Giftkoeder";
			};
			name = Debug;
		};
		55E2983B1B2F306E00FAAB41 /* Release */ = {
			isa = XCBuildConfiguration;
			buildSettings = {
				BUNDLE_LOADER = "$(TEST_HOST)";
				FRAMEWORK_SEARCH_PATHS = (
					"$(SDKROOT)/Developer/Library/Frameworks",
					"$(inherited)",
				);
				INFOPLIST_FILE = GiftkoederTests/Info.plist;
				LD_RUNPATH_SEARCH_PATHS = "$(inherited) @executable_path/Frameworks @loader_path/Frameworks";
				PRODUCT_NAME = "$(TARGET_NAME)";
				TEST_HOST = "$(BUILT_PRODUCTS_DIR)/Giftkoeder.app/Giftkoeder";
			};
			name = Release;
		};
/* End XCBuildConfiguration section */

/* Begin XCConfigurationList section */
		55E298101B2F306E00FAAB41 /* Build configuration list for PBXProject "Giftkoeder" */ = {
			isa = XCConfigurationList;
			buildConfigurations = (
				55E298341B2F306E00FAAB41 /* Debug */,
				55E298351B2F306E00FAAB41 /* Release */,
			);
			defaultConfigurationIsVisible = 0;
			defaultConfigurationName = Release;
		};
		55E298361B2F306E00FAAB41 /* Build configuration list for PBXNativeTarget "Giftkoeder" */ = {
			isa = XCConfigurationList;
			buildConfigurations = (
				55E298371B2F306E00FAAB41 /* Debug */,
				55E298381B2F306E00FAAB41 /* Release */,
			);
			defaultConfigurationIsVisible = 0;
			defaultConfigurationName = Release;
		};
		55E298391B2F306E00FAAB41 /* Build configuration list for PBXNativeTarget "GiftkoederTests" */ = {
			isa = XCConfigurationList;
			buildConfigurations = (
				55E2983A1B2F306E00FAAB41 /* Debug */,
				55E2983B1B2F306E00FAAB41 /* Release */,
			);
			defaultConfigurationIsVisible = 0;
			defaultConfigurationName = Release;
		};
/* End XCConfigurationList section */
	};
	rootObject = 55E2980D1B2F306E00FAAB41 /* Project object */;
}
